
Microsoft Visual Studio Solution File, Format Version 12.00
# Visual Studio 15
VisualStudioVersion = 15.0.28010.2048
MinimumVisualStudioVersion = 10.0.40219.1
Project("{FAE04EC0-301F-11D3-BF4B-00C04F79EFBC}") = "testTask", "testTask\testTask.csproj", "{C07808A6-6750-48AA-B063-B290851F65B7}"
EndProject
Global
	GlobalSection(SolutionConfigurationPlatforms) = preSolution
		Debug|Any CPU = Debug|Any CPU
		Release|Any CPU = Release|Any CPU
	EndGlobalSection
	GlobalSection(ProjectConfigurationPlatforms) = postSolution
		{C07808A6-6750-48AA-B063-B290851F65B7}.Debug|Any CPU.ActiveCfg = Debug|Any CPU
		{C07808A6-6750-48AA-B063-B290851F65B7}.Debug|Any CPU.Build.0 = Debug|Any CPU
		{C07808A6-6750-48AA-B063-B290851F65B7}.Release|Any CPU.ActiveCfg = Release|Any CPU
		{C07808A6-6750-48AA-B063-B290851F65B7}.Release|Any CPU.Build.0 = Release|Any CPU
	EndGlobalSection
	GlobalSection(SolutionProperties) = preSolution
		HideSolutionNode = FALSE
	EndGlobalSection
	GlobalSection(ExtensibilityGlobals) = postSolution
		SolutionGuid = {FF1DF209-7FE3-4DFA-BE6B-45D3542BCF25}
	EndGlobalSection
EndGlobal
